
Microsoft Visual Studio Solution File, Format Version 12.00
# Visual Studio Version 17
VisualStudioVersion = 17.10.35027.167
MinimumVisualStudioVersion = 10.0.40219.1
Project("{9A19103F-16F7-4668-BE54-9A1E7A4F7556}") = "RabbitMQProducer", "RabbitMQProducer\RabbitMQProducer.csproj", "{540820BD-B7E1-4DE5-8B03-04CDEBF37E85}"
EndProject
Project("{9A19103F-16F7-4668-BE54-9A1E7A4F7556}") = "RabbitMQConsumer", "RabbitMQConsumer\RabbitMQConsumer\RabbitMQConsumer.csproj", "{7712AD74-3E1D-4F39-8469-3C77EFD64B16}"
EndProject
Global
	GlobalSection(SolutionConfigurationPlatforms) = preSolution
		Debug|Any CPU = Debug|Any CPU
		Release|Any CPU = Release|Any CPU
	EndGlobalSection
	GlobalSection(ProjectConfigurationPlatforms) = postSolution
		{540820BD-B7E1-4DE5-8B03-04CDEBF37E85}.Debug|Any CPU.ActiveCfg = Debug|Any CPU
		{540820BD-B7E1-4DE5-8B03-04CDEBF37E85}.Debug|Any CPU.Build.0 = Debug|Any CPU
		{540820BD-B7E1-4DE5-8B03-04CDEBF37E85}.Release|Any CPU.ActiveCfg = Release|Any CPU
		{540820BD-B7E1-4DE5-8B03-04CDEBF37E85}.Release|Any CPU.Build.0 = Release|Any CPU
		{7712AD74-3E1D-4F39-8469-3C77EFD64B16}.Debug|Any CPU.ActiveCfg = Debug|Any CPU
		{7712AD74-3E1D-4F39-8469-3C77EFD64B16}.Debug|Any CPU.Build.0 = Debug|Any CPU
		{7712AD74-3E1D-4F39-8469-3C77EFD64B16}.Release|Any CPU.ActiveCfg = Release|Any CPU
		{7712AD74-3E1D-4F39-8469-3C77EFD64B16}.Release|Any CPU.Build.0 = Release|Any CPU
	EndGlobalSection
	GlobalSection(SolutionProperties) = preSolution
		HideSolutionNode = FALSE
	EndGlobalSection
	GlobalSection(ExtensibilityGlobals) = postSolution
		SolutionGuid = {9945E7F1-E811-43B6-BEEC-30B3D01A7F5C}
	EndGlobalSection
EndGlobal
